
Microsoft Visual Studio Solution File, Format Version 12.00
# Visual Studio Version 17
VisualStudioVersion = 17.11.35327.3
MinimumVisualStudioVersion = 10.0.40219.1
Project("{FAE04EC0-301F-11D3-BF4B-00C04F79EFBC}") = "Bai4", "Bai4\Bai4.csproj", "{DB54A424-FE6F-4888-A80C-D4AFEB5BC30A}"
EndProject
Project("{FAE04EC0-301F-11D3-BF4B-00C04F79EFBC}") = "Bai3", "..\..\web server\Bai3.csproj", "{1951B406-FE8D-46D4-B467-4A0C51AE2404}"
EndProject
Global
	GlobalSection(SolutionConfigurationPlatforms) = preSolution
		Debug|Any CPU = Debug|Any CPU
		Release|Any CPU = Release|Any CPU
	EndGlobalSection
	GlobalSection(ProjectConfigurationPlatforms) = postSolution
		{DB54A424-FE6F-4888-A80C-D4AFEB5BC30A}.Debug|Any CPU.ActiveCfg = Debug|Any CPU
		{DB54A424-FE6F-4888-A80C-D4AFEB5BC30A}.Debug|Any CPU.Build.0 = Debug|Any CPU
		{DB54A424-FE6F-4888-A80C-D4AFEB5BC30A}.Release|Any CPU.ActiveCfg = Release|Any CPU
		{DB54A424-FE6F-4888-A80C-D4AFEB5BC30A}.Release|Any CPU.Build.0 = Release|Any CPU
		{1951B406-FE8D-46D4-B467-4A0C51AE2404}.Debug|Any CPU.ActiveCfg = Debug|Any CPU
		{1951B406-FE8D-46D4-B467-4A0C51AE2404}.Debug|Any CPU.Build.0 = Debug|Any CPU
		{1951B406-FE8D-46D4-B467-4A0C51AE2404}.Release|Any CPU.ActiveCfg = Release|Any CPU
		{1951B406-FE8D-46D4-B467-4A0C51AE2404}.Release|Any CPU.Build.0 = Release|Any CPU
	EndGlobalSection
	GlobalSection(SolutionProperties) = preSolution
		HideSolutionNode = FALSE
	EndGlobalSection
	GlobalSection(ExtensibilityGlobals) = postSolution
		SolutionGuid = {B1F1E307-019F-42CD-A6CD-C4531050A0FF}
	EndGlobalSection
EndGlobal
