
Microsoft Visual Studio Solution File, Format Version 12.00
# Visual Studio Version 17
VisualStudioVersion = 17.12.35506.116
MinimumVisualStudioVersion = 10.0.40219.1
Project("{FAE04EC0-301F-11D3-BF4B-00C04F79EFBC}") = "Bai1", "Lab5\Bai1.csproj", "{F2C01CD9-90CD-4480-B24F-71589A04694C}"
EndProject
Project("{FAE04EC0-301F-11D3-BF4B-00C04F79EFBC}") = "Bai4", "Bai4\Bai4.csproj", "{16DF30C6-F242-4FE9-A86D-0DB9C7646F63}"
EndProject
Global
	GlobalSection(SolutionConfigurationPlatforms) = preSolution
		Debug|Any CPU = Debug|Any CPU
		Release|Any CPU = Release|Any CPU
	EndGlobalSection
	GlobalSection(ProjectConfigurationPlatforms) = postSolution
		{F2C01CD9-90CD-4480-B24F-71589A04694C}.Debug|Any CPU.ActiveCfg = Debug|Any CPU
		{F2C01CD9-90CD-4480-B24F-71589A04694C}.Debug|Any CPU.Build.0 = Debug|Any CPU
		{F2C01CD9-90CD-4480-B24F-71589A04694C}.Release|Any CPU.ActiveCfg = Release|Any CPU
		{F2C01CD9-90CD-4480-B24F-71589A04694C}.Release|Any CPU.Build.0 = Release|Any CPU
		{16DF30C6-F242-4FE9-A86D-0DB9C7646F63}.Debug|Any CPU.ActiveCfg = Debug|Any CPU
		{16DF30C6-F242-4FE9-A86D-0DB9C7646F63}.Debug|Any CPU.Build.0 = Debug|Any CPU
		{16DF30C6-F242-4FE9-A86D-0DB9C7646F63}.Release|Any CPU.ActiveCfg = Release|Any CPU
		{16DF30C6-F242-4FE9-A86D-0DB9C7646F63}.Release|Any CPU.Build.0 = Release|Any CPU
	EndGlobalSection
	GlobalSection(SolutionProperties) = preSolution
		HideSolutionNode = FALSE
	EndGlobalSection
	GlobalSection(ExtensibilityGlobals) = postSolution
		SolutionGuid = {93E9A9F0-F478-4D76-BEE9-F2205AFE3060}
	EndGlobalSection
EndGlobal
